
Microsoft Visual Studio Solution File, Format Version 11.00
# Visual Studio 2010
Project("{FAE04EC0-301F-11D3-BF4B-00C04F79EFBC}") = "FamilyFeud.Web", "FamilyFeud\FamilyFeud.Web.csproj", "{3A50AEB7-3804-4EF2-BBCF-E0E6CF7C0175}"
EndProject
Project("{FAE04EC0-301F-11D3-BF4B-00C04F79EFBC}") = "FamilyFeud.Service", "FamilyFeud.Service\FamilyFeud.Service.csproj", "{89FF3DB4-439F-4387-A0B2-D1F090701318}"
EndProject
Global
	GlobalSection(SolutionConfigurationPlatforms) = preSolution
		Debug|Any CPU = Debug|Any CPU
		Debug|Mixed Platforms = Debug|Mixed Platforms
		Debug|x86 = Debug|x86
		Release|Any CPU = Release|Any CPU
		Release|Mixed Platforms = Release|Mixed Platforms
		Release|x86 = Release|x86
	EndGlobalSection
	GlobalSection(ProjectConfigurationPlatforms) = postSolution
		{3A50AEB7-3804-4EF2-BBCF-E0E6CF7C0175}.Debug|Any CPU.ActiveCfg = Debug|Any CPU
		{3A50AEB7-3804-4EF2-BBCF-E0E6CF7C0175}.Debug|Any CPU.Build.0 = Debug|Any CPU
		{3A50AEB7-3804-4EF2-BBCF-E0E6CF7C0175}.Debug|Mixed Platforms.ActiveCfg = Debug|Any CPU
		{3A50AEB7-3804-4EF2-BBCF-E0E6CF7C0175}.Debug|Mixed Platforms.Build.0 = Debug|Any CPU
		{3A50AEB7-3804-4EF2-BBCF-E0E6CF7C0175}.Debug|x86.ActiveCfg = Debug|Any CPU
		{3A50AEB7-3804-4EF2-BBCF-E0E6CF7C0175}.Release|Any CPU.ActiveCfg = Release|Any CPU
		{3A50AEB7-3804-4EF2-BBCF-E0E6CF7C0175}.Release|Any CPU.Build.0 = Release|Any CPU
		{3A50AEB7-3804-4EF2-BBCF-E0E6CF7C0175}.Release|Mixed Platforms.ActiveCfg = Release|Any CPU
		{3A50AEB7-3804-4EF2-BBCF-E0E6CF7C0175}.Release|Mixed Platforms.Build.0 = Release|Any CPU
		{3A50AEB7-3804-4EF2-BBCF-E0E6CF7C0175}.Release|x86.ActiveCfg = Release|Any CPU
		{89FF3DB4-439F-4387-A0B2-D1F090701318}.Debug|Any CPU.ActiveCfg = Debug|Any CPU
		{89FF3DB4-439F-4387-A0B2-D1F090701318}.Debug|Any CPU.Build.0 = Debug|Any CPU
		{89FF3DB4-439F-4387-A0B2-D1F090701318}.Debug|Mixed Platforms.ActiveCfg = Debug|Any CPU
		{89FF3DB4-439F-4387-A0B2-D1F090701318}.Debug|Mixed Platforms.Build.0 = Debug|Any CPU
		{89FF3DB4-439F-4387-A0B2-D1F090701318}.Debug|x86.ActiveCfg = Debug|Any CPU
		{89FF3DB4-439F-4387-A0B2-D1F090701318}.Release|Any CPU.ActiveCfg = Release|Any CPU
		{89FF3DB4-439F-4387-A0B2-D1F090701318}.Release|Any CPU.Build.0 = Release|Any CPU
		{89FF3DB4-439F-4387-A0B2-D1F090701318}.Release|Mixed Platforms.ActiveCfg = Release|Any CPU
		{89FF3DB4-439F-4387-A0B2-D1F090701318}.Release|Mixed Platforms.Build.0 = Release|Any CPU
		{89FF3DB4-439F-4387-A0B2-D1F090701318}.Release|x86.ActiveCfg = Release|Any CPU
	EndGlobalSection
	GlobalSection(SolutionProperties) = preSolution
		HideSolutionNode = FALSE
	EndGlobalSection
EndGlobal
